
Microsoft Visual Studio Solution File, Format Version 12.00
# Visual Studio 2012
Project("{FAE04EC0-301F-11D3-BF4B-00C04F79EFBC}") = "socket_TCP_simple", "socket_TCP_simple\socket_TCP_simple.csproj", "{AC21D46F-EDD7-4B8E-AD0E-9B71D91FE847}"
EndProject
Global
	GlobalSection(SolutionConfigurationPlatforms) = preSolution
		Debug|Any CPU = Debug|Any CPU
		Release|Any CPU = Release|Any CPU
	EndGlobalSection
	GlobalSection(ProjectConfigurationPlatforms) = postSolution
		{AC21D46F-EDD7-4B8E-AD0E-9B71D91FE847}.Debug|Any CPU.ActiveCfg = Debug|Any CPU
		{AC21D46F-EDD7-4B8E-AD0E-9B71D91FE847}.Debug|Any CPU.Build.0 = Debug|Any CPU
		{AC21D46F-EDD7-4B8E-AD0E-9B71D91FE847}.Release|Any CPU.ActiveCfg = Release|Any CPU
		{AC21D46F-EDD7-4B8E-AD0E-9B71D91FE847}.Release|Any CPU.Build.0 = Release|Any CPU
	EndGlobalSection
	GlobalSection(SolutionProperties) = preSolution
		HideSolutionNode = FALSE
	EndGlobalSection
EndGlobal
