
Microsoft Visual Studio Solution File, Format Version 11.00
# Visual Web Developer Express 2010
Project("{FAE04EC0-301F-11D3-BF4B-00C04F79EFBC}") = "WorkHub.Web", "SoftwareMonkeys.WorkHub.Web\WorkHub.Web.csproj", "{E9154B43-68DD-4775-9FB5-D7FD1A001D2C}"
EndProject
Project("{FAE04EC0-301F-11D3-BF4B-00C04F79EFBC}") = "ModuleInstaller", "InstallModule\ModuleInstaller.csproj", "{8D92E4C6-3463-4916-8473-68B0247905F0}"
EndProject
Project("{FAE04EC0-301F-11D3-BF4B-00C04F79EFBC}") = "Modules.Projects", "Modules\Projects\Modules.Projects.csproj", "{15BC1FC4-F214-455D-8B34-27059B74172F}"
EndProject
Project("{FAE04EC0-301F-11D3-BF4B-00C04F79EFBC}") = "Modules.Planning", "Modules\Planning\Modules.Planning.csproj", "{8AD81A5D-8113-4E35-95D3-C4C5AE6EA5B7}"
EndProject
Project("{FAE04EC0-301F-11D3-BF4B-00C04F79EFBC}") = "Modules.Tasks", "Modules\Tasks\Modules.Tasks.csproj", "{89D9B38B-0562-4811-9FAD-2302D57E1EA7}"
EndProject
Project("{FAE04EC0-301F-11D3-BF4B-00C04F79EFBC}") = "Modules.Maintenance", "Modules\Maintenance\Modules.Maintenance.csproj", "{753598DC-8174-4B1B-9503-3C783D3CE513}"
EndProject
Project("{FAE04EC0-301F-11D3-BF4B-00C04F79EFBC}") = "WorkHub.Business", "SoftwareMonkeys.WorkHub.Business\WorkHub.Business.csproj", "{F294B839-0C1E-4187-AA58-6EA1C35E6B66}"
EndProject
Project("{FAE04EC0-301F-11D3-BF4B-00C04F79EFBC}") = "WorkHub.Configuration", "SoftwareMonkeys.WorkHub.Configuration\WorkHub.Configuration.csproj", "{4B83307F-8307-43EF-A176-8AB1CDA78264}"
EndProject
Project("{FAE04EC0-301F-11D3-BF4B-00C04F79EFBC}") = "WorkHub.Data", "SoftwareMonkeys.WorkHub.Data\WorkHub.Data.csproj", "{0D77AB54-E3BE-4B29-8750-91F16BC3DEDB}"
EndProject
Project("{FAE04EC0-301F-11D3-BF4B-00C04F79EFBC}") = "WorkHub.Entities", "SoftwareMonkeys.WorkHub.Entities\WorkHub.Entities.csproj", "{3609F512-9E15-41C7-95AF-D1B3E7F93562}"
EndProject
Project("{FAE04EC0-301F-11D3-BF4B-00C04F79EFBC}") = "WorkHub.Diagnostics", "SoftwareMonkeys.WorkHub.Diagnostics\WorkHub.Diagnostics.csproj", "{C3626F0A-DFD4-4EF2-8755-3532DE3712A4}"
EndProject
Project("{FAE04EC0-301F-11D3-BF4B-00C04F79EFBC}") = "WorkHub.State", "SoftwareMonkeys.WorkHub.State\WorkHub.State.csproj", "{34129651-3B9F-4A0D-AEBF-7DE2098DD98F}"
EndProject
Project("{FAE04EC0-301F-11D3-BF4B-00C04F79EFBC}") = "WorkHub.Contracts", "SoftwareMonkeys.WorkHub.Contracts\WorkHub.Contracts.csproj", "{B828AD64-4874-4B4C-96C9-8941C97A1F0C}"
EndProject
Project("{FAE04EC0-301F-11D3-BF4B-00C04F79EFBC}") = "WorkHub.Data.Db4o", "SoftwareMonkeys.WorkHub.Data.Db4o\WorkHub.Data.Db4o.csproj", "{61DF6782-15A0-4056-AA02-7C18F0A19B0F}"
EndProject
Project("{FAE04EC0-301F-11D3-BF4B-00C04F79EFBC}") = "WorkHub.Modules", "SoftwareMonkeys.WorkHub.Modules\WorkHub.Modules.csproj", "{5382614A-E099-47D0-A2D4-B662C2CD7460}"
EndProject
Project("{FAE04EC0-301F-11D3-BF4B-00C04F79EFBC}") = "Modules.Voting", "Modules\Voting\Modules.Voting.csproj", "{99A33D51-0BD4-4879-B8E6-BCA168D3AA3A}"
EndProject
Project("{FAE04EC0-301F-11D3-BF4B-00C04F79EFBC}") = "Modules.Components", "Modules\Components\Modules.Components.csproj", "{8819AFD3-1855-49A8-96A3-1B7E88339344}"
EndProject
Project("{FAE04EC0-301F-11D3-BF4B-00C04F79EFBC}") = "Modules.Ideas", "Modules\Ideas\Modules.Ideas.csproj", "{3BDC261C-E102-48B2-A0FB-62107C5C8D69}"
EndProject
Project("{FAE04EC0-301F-11D3-BF4B-00C04F79EFBC}") = "Modules.Links", "Modules\Links\Modules.Links.csproj", "{7D35D48B-4B39-4641-9FCF-8E987FE3DFF5}"
EndProject
Project("{FAE04EC0-301F-11D3-BF4B-00C04F79EFBC}") = "Modules.Messages", "Modules\Messages\Modules.Messages.csproj", "{23A77123-CE41-4068-9E1A-778DFA941545}"
EndProject
Project("{E24C65DC-7377-472B-9ABA-BC803B73C61A}") = "WWW", "WWW\", "{1D239531-83EC-4CDA-B39B-613731805922}"
	ProjectSection(WebsiteProperties) = preProject
		TargetFrameworkMoniker = ".NETFramework,Version%3Dv3.5"
		ProjectReferences = "{8819AFD3-1855-49A8-96A3-1B7E88339344}|SoftwareMonkeys.WorkHub.Modules.Components.dll;{F294B839-0C1E-4187-AA58-6EA1C35E6B66}|SoftwareMonkeys.WorkHub.Business.dll;{4B83307F-8307-43EF-A176-8AB1CDA78264}|SoftwareMonkeys.WorkHub.Configuration.dll;{B828AD64-4874-4B4C-96C9-8941C97A1F0C}|SoftwareMonkeys.WorkHub.Contracts.dll;{C3626F0A-DFD4-4EF2-8755-3532DE3712A4}|SoftwareMonkeys.WorkHub.Diagnostics.dll;{34129651-3B9F-4A0D-AEBF-7DE2098DD98F}|SoftwareMonkeys.WorkHub.State.dll;{0D77AB54-E3BE-4B29-8750-91F16BC3DEDB}|SoftwareMonkeys.WorkHub.Data.dll;{3609F512-9E15-41C7-95AF-D1B3E7F93562}|SoftwareMonkeys.WorkHub.Entities.dll;{61DF6782-15A0-4056-AA02-7C18F0A19B0F}|SoftwareMonkeys.WorkHub.Data.Db4o.dll;{E9154B43-68DD-4775-9FB5-D7FD1A001D2C}|SoftwareMonkeys.WorkHub.Web.dll;{3BDC261C-E102-48B2-A0FB-62107C5C8D69}|SoftwareMonkeys.WorkHub.Modules.Ideas.dll;{7D35D48B-4B39-4641-9FCF-8E987FE3DFF5}|SoftwareMonkeys.WorkHub.Modules.Links.dll;{753598DC-8174-4B1B-9503-3C783D3CE513}|SoftwareMonkeys.WorkHub.Modules.Maintenance.dll;{23A77123-CE41-4068-9E1A-778DFA941545}|SoftwareMonkeys.WorkHub.Modules.Messages.dll;{8AD81A5D-8113-4E35-95D3-C4C5AE6EA5B7}|SoftwareMonkeys.WorkHub.Modules.Planning.dll;{15BC1FC4-F214-455D-8B34-27059B74172F}|SoftwareMonkeys.WorkHub.Modules.Projects.dll;{89D9B38B-0562-4811-9FAD-2302D57E1EA7}|SoftwareMonkeys.WorkHub.Modules.Tasks.dll;{99A33D51-0BD4-4879-B8E6-BCA168D3AA3A}|SoftwareMonkeys.WorkHub.Modules.Voting.dll;{5382614A-E099-47D0-A2D4-B662C2CD7460}|SoftwareMonkeys.WorkHub.Modules.dll;"
		Debug.AspNetCompiler.VirtualPath = "/WWW"
		Debug.AspNetCompiler.PhysicalPath = "WWW\"
		Debug.AspNetCompiler.TargetPath = "PrecompiledWeb\WWW\"
		Debug.AspNetCompiler.Updateable = "true"
		Debug.AspNetCompiler.ForceOverwrite = "true"
		Debug.AspNetCompiler.FixedNames = "false"
		Debug.AspNetCompiler.Debug = "True"
		Release.AspNetCompiler.VirtualPath = "/WWW"
		Release.AspNetCompiler.PhysicalPath = "WWW\"
		Release.AspNetCompiler.TargetPath = "PrecompiledWeb\WWW\"
		Release.AspNetCompiler.Updateable = "true"
		Release.AspNetCompiler.ForceOverwrite = "true"
		Release.AspNetCompiler.FixedNames = "false"
		Release.AspNetCompiler.Debug = "False"
		VWDPort = "49204"
	EndProjectSection
EndProject
Project("{FAE04EC0-301F-11D3-BF4B-00C04F79EFBC}") = "WorkHub.Tests", "SoftwareMonkeys.WorkHub.Tests\WorkHub.Tests.csproj", "{88836156-701C-4E99-A7CB-49924EF0FF9E}"
EndProject
Project("{FAE04EC0-301F-11D3-BF4B-00C04F79EFBC}") = "WorkHub.Business.Tests", "SoftwareMonkeys.WorkHub.Business.Tests\WorkHub.Business.Tests.csproj", "{F6AA1DC2-1E10-43FF-97AB-D6679A854D51}"
EndProject
Project("{FAE04EC0-301F-11D3-BF4B-00C04F79EFBC}") = "WorkHub.Configuration.Tests", "SoftwareMonkeys.WorkHub.Configuration.Tests\WorkHub.Configuration.Tests.csproj", "{5DFB85CA-D338-425A-B382-64EFBE19C65D}"
EndProject
Project("{FAE04EC0-301F-11D3-BF4B-00C04F79EFBC}") = "WorkHub.Data.Tests", "SoftwareMonkeys.WorkHub.Data.Tests\WorkHub.Data.Tests.csproj", "{0BBD2A6C-9955-4BB6-9DCA-6AA57715C3F2}"
EndProject
Project("{FAE04EC0-301F-11D3-BF4B-00C04F79EFBC}") = "WorkHub.Data.Db4o.Tests", "SoftwareMonkeys.WorkHub.Data.Db4o.Tests\WorkHub.Data.Db4o.Tests.csproj", "{67DB0C76-6C38-4468-A5A4-1A430DBA55CA}"
EndProject
Project("{FAE04EC0-301F-11D3-BF4B-00C04F79EFBC}") = "WorkHub.Diagnostics.Tests", "SoftwareMonkeys.WorkHub.Diagnostics.Tests\WorkHub.Diagnostics.Tests.csproj", "{E69E5BD2-4615-4291-BC0A-A3E15B66CE41}"
EndProject
Project("{FAE04EC0-301F-11D3-BF4B-00C04F79EFBC}") = "WorkHub.Functional.firefox.Tests", "SoftwareMonkeys.WorkHub.Functional.firefox.Tests\WorkHub.Functional.firefox.Tests.csproj", "{C81C653C-6983-4401-A016-68586963DC9B}"
EndProject
Project("{FAE04EC0-301F-11D3-BF4B-00C04F79EFBC}") = "WorkHub.Functional.iexplore.Tests", "SoftwareMonkeys.WorkHub.Functional.iexplore.Tests\WorkHub.Functional.iexplore.Tests.csproj", "{7000FA38-127B-4A35-A919-F349C059AA7E}"
EndProject
Project("{FAE04EC0-301F-11D3-BF4B-00C04F79EFBC}") = "WorkHub.Modules.Tests", "SoftwareMonkeys.WorkHub.Modules.Tests\WorkHub.Modules.Tests.csproj", "{063562DC-571F-434A-A54B-783849B3B045}"
EndProject
Project("{FAE04EC0-301F-11D3-BF4B-00C04F79EFBC}") = "WorkHub.Web.Tests", "SoftwareMonkeys.WorkHub.Web.Tests\WorkHub.Web.Tests.csproj", "{FBB72693-0267-4DB0-98D5-9ECBC13E98DD}"
EndProject
Project("{FAE04EC0-301F-11D3-BF4B-00C04F79EFBC}") = "WorkHub.State.Tests", "SoftwareMonkeys.WorkHub.State.Tests\WorkHub.State.Tests.csproj", "{F1AEF331-A19A-4845-B0E4-EB6AC70378D5}"
EndProject
Global
	GlobalSection(SolutionConfigurationPlatforms) = preSolution
		Debug|.NET = Debug|.NET
		Debug|Any CPU = Debug|Any CPU
		Debug|Mixed Platforms = Debug|Mixed Platforms
		Release|.NET = Release|.NET
		Release|Any CPU = Release|Any CPU
		Release|Mixed Platforms = Release|Mixed Platforms
	EndGlobalSection
	GlobalSection(ProjectConfigurationPlatforms) = postSolution
		{E9154B43-68DD-4775-9FB5-D7FD1A001D2C}.Debug|.NET.ActiveCfg = Debug|Any CPU
		{E9154B43-68DD-4775-9FB5-D7FD1A001D2C}.Debug|.NET.Build.0 = Debug|Any CPU
		{E9154B43-68DD-4775-9FB5-D7FD1A001D2C}.Debug|Any CPU.ActiveCfg = Debug|Any CPU
		{E9154B43-68DD-4775-9FB5-D7FD1A001D2C}.Debug|Any CPU.Build.0 = Debug|Any CPU
		{E9154B43-68DD-4775-9FB5-D7FD1A001D2C}.Debug|Mixed Platforms.ActiveCfg = Debug|Any CPU
		{E9154B43-68DD-4775-9FB5-D7FD1A001D2C}.Debug|Mixed Platforms.Build.0 = Debug|Any CPU
		{E9154B43-68DD-4775-9FB5-D7FD1A001D2C}.Release|.NET.ActiveCfg = Release|Any CPU
		{E9154B43-68DD-4775-9FB5-D7FD1A001D2C}.Release|.NET.Build.0 = Release|Any CPU
		{E9154B43-68DD-4775-9FB5-D7FD1A001D2C}.Release|Any CPU.ActiveCfg = Release|Any CPU
		{E9154B43-68DD-4775-9FB5-D7FD1A001D2C}.Release|Any CPU.Build.0 = Release|Any CPU
		{E9154B43-68DD-4775-9FB5-D7FD1A001D2C}.Release|Mixed Platforms.ActiveCfg = Release|Any CPU
		{E9154B43-68DD-4775-9FB5-D7FD1A001D2C}.Release|Mixed Platforms.Build.0 = Release|Any CPU
		{8D92E4C6-3463-4916-8473-68B0247905F0}.Debug|.NET.ActiveCfg = Debug|Any CPU
		{8D92E4C6-3463-4916-8473-68B0247905F0}.Debug|.NET.Build.0 = Debug|Any CPU
		{8D92E4C6-3463-4916-8473-68B0247905F0}.Debug|Any CPU.ActiveCfg = Debug|Any CPU
		{8D92E4C6-3463-4916-8473-68B0247905F0}.Debug|Any CPU.Build.0 = Debug|Any CPU
		{8D92E4C6-3463-4916-8473-68B0247905F0}.Debug|Mixed Platforms.ActiveCfg = Debug|Any CPU
		{8D92E4C6-3463-4916-8473-68B0247905F0}.Debug|Mixed Platforms.Build.0 = Debug|Any CPU
		{8D92E4C6-3463-4916-8473-68B0247905F0}.Release|.NET.ActiveCfg = Release|Any CPU
		{8D92E4C6-3463-4916-8473-68B0247905F0}.Release|.NET.Build.0 = Release|Any CPU
		{8D92E4C6-3463-4916-8473-68B0247905F0}.Release|Any CPU.ActiveCfg = Release|Any CPU
		{8D92E4C6-3463-4916-8473-68B0247905F0}.Release|Any CPU.Build.0 = Release|Any CPU
		{8D92E4C6-3463-4916-8473-68B0247905F0}.Release|Mixed Platforms.ActiveCfg = Release|Any CPU
		{8D92E4C6-3463-4916-8473-68B0247905F0}.Release|Mixed Platforms.Build.0 = Release|Any CPU
		{15BC1FC4-F214-455D-8B34-27059B74172F}.Debug|.NET.ActiveCfg = Debug|Any CPU
		{15BC1FC4-F214-455D-8B34-27059B74172F}.Debug|.NET.Build.0 = Debug|Any CPU
		{15BC1FC4-F214-455D-8B34-27059B74172F}.Debug|Any CPU.ActiveCfg = Debug|Any CPU
		{15BC1FC4-F214-455D-8B34-27059B74172F}.Debug|Any CPU.Build.0 = Debug|Any CPU
		{15BC1FC4-F214-455D-8B34-27059B74172F}.Debug|Mixed Platforms.ActiveCfg = Debug|Any CPU
		{15BC1FC4-F214-455D-8B34-27059B74172F}.Debug|Mixed Platforms.Build.0 = Debug|Any CPU
		{15BC1FC4-F214-455D-8B34-27059B74172F}.Release|.NET.ActiveCfg = Release|Any CPU
		{15BC1FC4-F214-455D-8B34-27059B74172F}.Release|.NET.Build.0 = Release|Any CPU
		{15BC1FC4-F214-455D-8B34-27059B74172F}.Release|Any CPU.ActiveCfg = Release|Any CPU
		{15BC1FC4-F214-455D-8B34-27059B74172F}.Release|Any CPU.Build.0 = Release|Any CPU
		{15BC1FC4-F214-455D-8B34-27059B74172F}.Release|Mixed Platforms.ActiveCfg = Release|Any CPU
		{15BC1FC4-F214-455D-8B34-27059B74172F}.Release|Mixed Platforms.Build.0 = Release|Any CPU
		{8AD81A5D-8113-4E35-95D3-C4C5AE6EA5B7}.Debug|.NET.ActiveCfg = Debug|Any CPU
		{8AD81A5D-8113-4E35-95D3-C4C5AE6EA5B7}.Debug|.NET.Build.0 = Debug|Any CPU
		{8AD81A5D-8113-4E35-95D3-C4C5AE6EA5B7}.Debug|Any CPU.ActiveCfg = Debug|Any CPU
		{8AD81A5D-8113-4E35-95D3-C4C5AE6EA5B7}.Debug|Any CPU.Build.0 = Debug|Any CPU
		{8AD81A5D-8113-4E35-95D3-C4C5AE6EA5B7}.Debug|Mixed Platforms.ActiveCfg = Debug|Any CPU
		{8AD81A5D-8113-4E35-95D3-C4C5AE6EA5B7}.Debug|Mixed Platforms.Build.0 = Debug|Any CPU
		{8AD81A5D-8113-4E35-95D3-C4C5AE6EA5B7}.Release|.NET.ActiveCfg = Release|Any CPU
		{8AD81A5D-8113-4E35-95D3-C4C5AE6EA5B7}.Release|.NET.Build.0 = Release|Any CPU
		{8AD81A5D-8113-4E35-95D3-C4C5AE6EA5B7}.Release|Any CPU.ActiveCfg = Release|Any CPU
		{8AD81A5D-8113-4E35-95D3-C4C5AE6EA5B7}.Release|Any CPU.Build.0 = Release|Any CPU
		{8AD81A5D-8113-4E35-95D3-C4C5AE6EA5B7}.Release|Mixed Platforms.ActiveCfg = Release|Any CPU
		{8AD81A5D-8113-4E35-95D3-C4C5AE6EA5B7}.Release|Mixed Platforms.Build.0 = Release|Any CPU
		{89D9B38B-0562-4811-9FAD-2302D57E1EA7}.Debug|.NET.ActiveCfg = Debug|Any CPU
		{89D9B38B-0562-4811-9FAD-2302D57E1EA7}.Debug|.NET.Build.0 = Debug|Any CPU
		{89D9B38B-0562-4811-9FAD-2302D57E1EA7}.Debug|Any CPU.ActiveCfg = Debug|Any CPU
		{89D9B38B-0562-4811-9FAD-2302D57E1EA7}.Debug|Any CPU.Build.0 = Debug|Any CPU
		{89D9B38B-0562-4811-9FAD-2302D57E1EA7}.Debug|Mixed Platforms.ActiveCfg = Debug|Any CPU
		{89D9B38B-0562-4811-9FAD-2302D57E1EA7}.Debug|Mixed Platforms.Build.0 = Debug|Any CPU
		{89D9B38B-0562-4811-9FAD-2302D57E1EA7}.Release|.NET.ActiveCfg = Release|Any CPU
		{89D9B38B-0562-4811-9FAD-2302D57E1EA7}.Release|.NET.Build.0 = Release|Any CPU
		{89D9B38B-0562-4811-9FAD-2302D57E1EA7}.Release|Any CPU.ActiveCfg = Release|Any CPU
		{89D9B38B-0562-4811-9FAD-2302D57E1EA7}.Release|Any CPU.Build.0 = Release|Any CPU
		{89D9B38B-0562-4811-9FAD-2302D57E1EA7}.Release|Mixed Platforms.ActiveCfg = Release|Any CPU
		{89D9B38B-0562-4811-9FAD-2302D57E1EA7}.Release|Mixed Platforms.Build.0 = Release|Any CPU
		{753598DC-8174-4B1B-9503-3C783D3CE513}.Debug|.NET.ActiveCfg = Debug|Any CPU
		{753598DC-8174-4B1B-9503-3C783D3CE513}.Debug|.NET.Build.0 = Debug|Any CPU
		{753598DC-8174-4B1B-9503-3C783D3CE513}.Debug|Any CPU.ActiveCfg = Debug|Any CPU
		{753598DC-8174-4B1B-9503-3C783D3CE513}.Debug|Any CPU.Build.0 = Debug|Any CPU
		{753598DC-8174-4B1B-9503-3C783D3CE513}.Debug|Mixed Platforms.ActiveCfg = Debug|Any CPU
		{753598DC-8174-4B1B-9503-3C783D3CE513}.Debug|Mixed Platforms.Build.0 = Debug|Any CPU
		{753598DC-8174-4B1B-9503-3C783D3CE513}.Release|.NET.ActiveCfg = Release|Any CPU
		{753598DC-8174-4B1B-9503-3C783D3CE513}.Release|.NET.Build.0 = Release|Any CPU
		{753598DC-8174-4B1B-9503-3C783D3CE513}.Release|Any CPU.ActiveCfg = Release|Any CPU
		{753598DC-8174-4B1B-9503-3C783D3CE513}.Release|Any CPU.Build.0 = Release|Any CPU
		{753598DC-8174-4B1B-9503-3C783D3CE513}.Release|Mixed Platforms.ActiveCfg = Release|Any CPU
		{753598DC-8174-4B1B-9503-3C783D3CE513}.Release|Mixed Platforms.Build.0 = Release|Any CPU
		{F294B839-0C1E-4187-AA58-6EA1C35E6B66}.Debug|.NET.ActiveCfg = Debug|Any CPU
		{F294B839-0C1E-4187-AA58-6EA1C35E6B66}.Debug|.NET.Build.0 = Debug|Any CPU
		{F294B839-0C1E-4187-AA58-6EA1C35E6B66}.Debug|Any CPU.ActiveCfg = Debug|Any CPU
		{F294B839-0C1E-4187-AA58-6EA1C35E6B66}.Debug|Any CPU.Build.0 = Debug|Any CPU
		{F294B839-0C1E-4187-AA58-6EA1C35E6B66}.Debug|Mixed Platforms.ActiveCfg = Debug|Any CPU
		{F294B839-0C1E-4187-AA58-6EA1C35E6B66}.Debug|Mixed Platforms.Build.0 = Debug|Any CPU
		{F294B839-0C1E-4187-AA58-6EA1C35E6B66}.Release|.NET.ActiveCfg = Release|Any CPU
		{F294B839-0C1E-4187-AA58-6EA1C35E6B66}.Release|.NET.Build.0 = Release|Any CPU
		{F294B839-0C1E-4187-AA58-6EA1C35E6B66}.Release|Any CPU.ActiveCfg = Release|Any CPU
		{F294B839-0C1E-4187-AA58-6EA1C35E6B66}.Release|Any CPU.Build.0 = Release|Any CPU
		{F294B839-0C1E-4187-AA58-6EA1C35E6B66}.Release|Mixed Platforms.ActiveCfg = Release|Any CPU
		{F294B839-0C1E-4187-AA58-6EA1C35E6B66}.Release|Mixed Platforms.Build.0 = Release|Any CPU
		{4B83307F-8307-43EF-A176-8AB1CDA78264}.Debug|.NET.ActiveCfg = Debug|Any CPU
		{4B83307F-8307-43EF-A176-8AB1CDA78264}.Debug|.NET.Build.0 = Debug|Any CPU
		{4B83307F-8307-43EF-A176-8AB1CDA78264}.Debug|Any CPU.ActiveCfg = Debug|Any CPU
		{4B83307F-8307-43EF-A176-8AB1CDA78264}.Debug|Any CPU.Build.0 = Debug|Any CPU
		{4B83307F-8307-43EF-A176-8AB1CDA78264}.Debug|Mixed Platforms.ActiveCfg = Debug|Any CPU
		{4B83307F-8307-43EF-A176-8AB1CDA78264}.Debug|Mixed Platforms.Build.0 = Debug|Any CPU
		{4B83307F-8307-43EF-A176-8AB1CDA78264}.Release|.NET.ActiveCfg = Release|Any CPU
		{4B83307F-8307-43EF-A176-8AB1CDA78264}.Release|.NET.Build.0 = Release|Any CPU
		{4B83307F-8307-43EF-A176-8AB1CDA78264}.Release|Any CPU.ActiveCfg = Release|Any CPU
		{4B83307F-8307-43EF-A176-8AB1CDA78264}.Release|Any CPU.Build.0 = Release|Any CPU
		{4B83307F-8307-43EF-A176-8AB1CDA78264}.Release|Mixed Platforms.ActiveCfg = Release|Any CPU
		{4B83307F-8307-43EF-A176-8AB1CDA78264}.Release|Mixed Platforms.Build.0 = Release|Any CPU
		{0D77AB54-E3BE-4B29-8750-91F16BC3DEDB}.Debug|.NET.ActiveCfg = Debug|Any CPU
		{0D77AB54-E3BE-4B29-8750-91F16BC3DEDB}.Debug|.NET.Build.0 = Debug|Any CPU
		{0D77AB54-E3BE-4B29-8750-91F16BC3DEDB}.Debug|Any CPU.ActiveCfg = Debug|Any CPU
		{0D77AB54-E3BE-4B29-8750-91F16BC3DEDB}.Debug|Any CPU.Build.0 = Debug|Any CPU
		{0D77AB54-E3BE-4B29-8750-91F16BC3DEDB}.Debug|Mixed Platforms.ActiveCfg = Debug|Any CPU
		{0D77AB54-E3BE-4B29-8750-91F16BC3DEDB}.Debug|Mixed Platforms.Build.0 = Debug|Any CPU
		{0D77AB54-E3BE-4B29-8750-91F16BC3DEDB}.Release|.NET.ActiveCfg = Release|Any CPU
		{0D77AB54-E3BE-4B29-8750-91F16BC3DEDB}.Release|.NET.Build.0 = Release|Any CPU
		{0D77AB54-E3BE-4B29-8750-91F16BC3DEDB}.Release|Any CPU.ActiveCfg = Release|Any CPU
		{0D77AB54-E3BE-4B29-8750-91F16BC3DEDB}.Release|Any CPU.Build.0 = Release|Any CPU
		{0D77AB54-E3BE-4B29-8750-91F16BC3DEDB}.Release|Mixed Platforms.ActiveCfg = Release|Any CPU
		{0D77AB54-E3BE-4B29-8750-91F16BC3DEDB}.Release|Mixed Platforms.Build.0 = Release|Any CPU
		{3609F512-9E15-41C7-95AF-D1B3E7F93562}.Debug|.NET.ActiveCfg = Debug|Any CPU
		{3609F512-9E15-41C7-95AF-D1B3E7F93562}.Debug|.NET.Build.0 = Debug|Any CPU
		{3609F512-9E15-41C7-95AF-D1B3E7F93562}.Debug|Any CPU.ActiveCfg = Debug|Any CPU
		{3609F512-9E15-41C7-95AF-D1B3E7F93562}.Debug|Any CPU.Build.0 = Debug|Any CPU
		{3609F512-9E15-41C7-95AF-D1B3E7F93562}.Debug|Mixed Platforms.ActiveCfg = Debug|Any CPU
		{3609F512-9E15-41C7-95AF-D1B3E7F93562}.Debug|Mixed Platforms.Build.0 = Debug|Any CPU
		{3609F512-9E15-41C7-95AF-D1B3E7F93562}.Release|.NET.ActiveCfg = Release|Any CPU
		{3609F512-9E15-41C7-95AF-D1B3E7F93562}.Release|.NET.Build.0 = Release|Any CPU
		{3609F512-9E15-41C7-95AF-D1B3E7F93562}.Release|Any CPU.ActiveCfg = Release|Any CPU
		{3609F512-9E15-41C7-95AF-D1B3E7F93562}.Release|Any CPU.Build.0 = Release|Any CPU
		{3609F512-9E15-41C7-95AF-D1B3E7F93562}.Release|Mixed Platforms.ActiveCfg = Release|Any CPU
		{3609F512-9E15-41C7-95AF-D1B3E7F93562}.Release|Mixed Platforms.Build.0 = Release|Any CPU
		{C3626F0A-DFD4-4EF2-8755-3532DE3712A4}.Debug|.NET.ActiveCfg = Debug|Any CPU
		{C3626F0A-DFD4-4EF2-8755-3532DE3712A4}.Debug|.NET.Build.0 = Debug|Any CPU
		{C3626F0A-DFD4-4EF2-8755-3532DE3712A4}.Debug|Any CPU.ActiveCfg = Debug|Any CPU
		{C3626F0A-DFD4-4EF2-8755-3532DE3712A4}.Debug|Any CPU.Build.0 = Debug|Any CPU
		{C3626F0A-DFD4-4EF2-8755-3532DE3712A4}.Debug|Mixed Platforms.ActiveCfg = Debug|Any CPU
		{C3626F0A-DFD4-4EF2-8755-3532DE3712A4}.Debug|Mixed Platforms.Build.0 = Debug|Any CPU
		{C3626F0A-DFD4-4EF2-8755-3532DE3712A4}.Release|.NET.ActiveCfg = Release|Any CPU
		{C3626F0A-DFD4-4EF2-8755-3532DE3712A4}.Release|.NET.Build.0 = Release|Any CPU
		{C3626F0A-DFD4-4EF2-8755-3532DE3712A4}.Release|Any CPU.ActiveCfg = Release|Any CPU
		{C3626F0A-DFD4-4EF2-8755-3532DE3712A4}.Release|Any CPU.Build.0 = Release|Any CPU
		{C3626F0A-DFD4-4EF2-8755-3532DE3712A4}.Release|Mixed Platforms.ActiveCfg = Release|Any CPU
		{C3626F0A-DFD4-4EF2-8755-3532DE3712A4}.Release|Mixed Platforms.Build.0 = Release|Any CPU
		{34129651-3B9F-4A0D-AEBF-7DE2098DD98F}.Debug|.NET.ActiveCfg = Debug|Any CPU
		{34129651-3B9F-4A0D-AEBF-7DE2098DD98F}.Debug|.NET.Build.0 = Debug|Any CPU
		{34129651-3B9F-4A0D-AEBF-7DE2098DD98F}.Debug|Any CPU.ActiveCfg = Debug|Any CPU
		{34129651-3B9F-4A0D-AEBF-7DE2098DD98F}.Debug|Any CPU.Build.0 = Debug|Any CPU
		{34129651-3B9F-4A0D-AEBF-7DE2098DD98F}.Debug|Mixed Platforms.ActiveCfg = Debug|Any CPU
		{34129651-3B9F-4A0D-AEBF-7DE2098DD98F}.Debug|Mixed Platforms.Build.0 = Debug|Any CPU
		{34129651-3B9F-4A0D-AEBF-7DE2098DD98F}.Release|.NET.ActiveCfg = Release|Any CPU
		{34129651-3B9F-4A0D-AEBF-7DE2098DD98F}.Release|.NET.Build.0 = Release|Any CPU
		{34129651-3B9F-4A0D-AEBF-7DE2098DD98F}.Release|Any CPU.ActiveCfg = Release|Any CPU
		{34129651-3B9F-4A0D-AEBF-7DE2098DD98F}.Release|Any CPU.Build.0 = Release|Any CPU
		{34129651-3B9F-4A0D-AEBF-7DE2098DD98F}.Release|Mixed Platforms.ActiveCfg = Release|Any CPU
		{34129651-3B9F-4A0D-AEBF-7DE2098DD98F}.Release|Mixed Platforms.Build.0 = Release|Any CPU
		{B828AD64-4874-4B4C-96C9-8941C97A1F0C}.Debug|.NET.ActiveCfg = Debug|Any CPU
		{B828AD64-4874-4B4C-96C9-8941C97A1F0C}.Debug|.NET.Build.0 = Debug|Any CPU
		{B828AD64-4874-4B4C-96C9-8941C97A1F0C}.Debug|Any CPU.ActiveCfg = Debug|Any CPU
		{B828AD64-4874-4B4C-96C9-8941C97A1F0C}.Debug|Any CPU.Build.0 = Debug|Any CPU
		{B828AD64-4874-4B4C-96C9-8941C97A1F0C}.Debug|Mixed Platforms.ActiveCfg = Debug|Any CPU
		{B828AD64-4874-4B4C-96C9-8941C97A1F0C}.Debug|Mixed Platforms.Build.0 = Debug|Any CPU
		{B828AD64-4874-4B4C-96C9-8941C97A1F0C}.Release|.NET.ActiveCfg = Release|Any CPU
		{B828AD64-4874-4B4C-96C9-8941C97A1F0C}.Release|.NET.Build.0 = Release|Any CPU
		{B828AD64-4874-4B4C-96C9-8941C97A1F0C}.Release|Any CPU.ActiveCfg = Release|Any CPU
		{B828AD64-4874-4B4C-96C9-8941C97A1F0C}.Release|Any CPU.Build.0 = Release|Any CPU
		{B828AD64-4874-4B4C-96C9-8941C97A1F0C}.Release|Mixed Platforms.ActiveCfg = Release|Any CPU
		{B828AD64-4874-4B4C-96C9-8941C97A1F0C}.Release|Mixed Platforms.Build.0 = Release|Any CPU
		{61DF6782-15A0-4056-AA02-7C18F0A19B0F}.Debug|.NET.ActiveCfg = Debug|Any CPU
		{61DF6782-15A0-4056-AA02-7C18F0A19B0F}.Debug|.NET.Build.0 = Debug|Any CPU
		{61DF6782-15A0-4056-AA02-7C18F0A19B0F}.Debug|Any CPU.ActiveCfg = Debug|Any CPU
		{61DF6782-15A0-4056-AA02-7C18F0A19B0F}.Debug|Any CPU.Build.0 = Debug|Any CPU
		{61DF6782-15A0-4056-AA02-7C18F0A19B0F}.Debug|Mixed Platforms.ActiveCfg = Debug|Any CPU
		{61DF6782-15A0-4056-AA02-7C18F0A19B0F}.Debug|Mixed Platforms.Build.0 = Debug|Any CPU
		{61DF6782-15A0-4056-AA02-7C18F0A19B0F}.Release|.NET.ActiveCfg = Release|Any CPU
		{61DF6782-15A0-4056-AA02-7C18F0A19B0F}.Release|.NET.Build.0 = Release|Any CPU
		{61DF6782-15A0-4056-AA02-7C18F0A19B0F}.Release|Any CPU.ActiveCfg = Release|Any CPU
		{61DF6782-15A0-4056-AA02-7C18F0A19B0F}.Release|Any CPU.Build.0 = Release|Any CPU
		{61DF6782-15A0-4056-AA02-7C18F0A19B0F}.Release|Mixed Platforms.ActiveCfg = Release|Any CPU
		{61DF6782-15A0-4056-AA02-7C18F0A19B0F}.Release|Mixed Platforms.Build.0 = Release|Any CPU
		{5382614A-E099-47D0-A2D4-B662C2CD7460}.Debug|.NET.ActiveCfg = Debug|Any CPU
		{5382614A-E099-47D0-A2D4-B662C2CD7460}.Debug|.NET.Build.0 = Debug|Any CPU
		{5382614A-E099-47D0-A2D4-B662C2CD7460}.Debug|Any CPU.ActiveCfg = Debug|Any CPU
		{5382614A-E099-47D0-A2D4-B662C2CD7460}.Debug|Any CPU.Build.0 = Debug|Any CPU
		{5382614A-E099-47D0-A2D4-B662C2CD7460}.Debug|Mixed Platforms.ActiveCfg = Debug|Any CPU
		{5382614A-E099-47D0-A2D4-B662C2CD7460}.Debug|Mixed Platforms.Build.0 = Debug|Any CPU
		{5382614A-E099-47D0-A2D4-B662C2CD7460}.Release|.NET.ActiveCfg = Release|Any CPU
		{5382614A-E099-47D0-A2D4-B662C2CD7460}.Release|.NET.Build.0 = Release|Any CPU
		{5382614A-E099-47D0-A2D4-B662C2CD7460}.Release|Any CPU.ActiveCfg = Release|Any CPU
		{5382614A-E099-47D0-A2D4-B662C2CD7460}.Release|Any CPU.Build.0 = Release|Any CPU
		{5382614A-E099-47D0-A2D4-B662C2CD7460}.Release|Mixed Platforms.ActiveCfg = Release|Any CPU
		{5382614A-E099-47D0-A2D4-B662C2CD7460}.Release|Mixed Platforms.Build.0 = Release|Any CPU
		{99A33D51-0BD4-4879-B8E6-BCA168D3AA3A}.Debug|.NET.ActiveCfg = Debug|Any CPU
		{99A33D51-0BD4-4879-B8E6-BCA168D3AA3A}.Debug|Any CPU.ActiveCfg = Debug|Any CPU
		{99A33D51-0BD4-4879-B8E6-BCA168D3AA3A}.Debug|Any CPU.Build.0 = Debug|Any CPU
		{99A33D51-0BD4-4879-B8E6-BCA168D3AA3A}.Debug|Mixed Platforms.ActiveCfg = Debug|Any CPU
		{99A33D51-0BD4-4879-B8E6-BCA168D3AA3A}.Debug|Mixed Platforms.Build.0 = Debug|Any CPU
		{99A33D51-0BD4-4879-B8E6-BCA168D3AA3A}.Release|.NET.ActiveCfg = Release|Any CPU
		{99A33D51-0BD4-4879-B8E6-BCA168D3AA3A}.Release|Any CPU.ActiveCfg = Release|Any CPU
		{99A33D51-0BD4-4879-B8E6-BCA168D3AA3A}.Release|Any CPU.Build.0 = Release|Any CPU
		{99A33D51-0BD4-4879-B8E6-BCA168D3AA3A}.Release|Mixed Platforms.ActiveCfg = Release|Any CPU
		{99A33D51-0BD4-4879-B8E6-BCA168D3AA3A}.Release|Mixed Platforms.Build.0 = Release|Any CPU
		{8819AFD3-1855-49A8-96A3-1B7E88339344}.Debug|.NET.ActiveCfg = Debug|Any CPU
		{8819AFD3-1855-49A8-96A3-1B7E88339344}.Debug|Any CPU.ActiveCfg = Debug|Any CPU
		{8819AFD3-1855-49A8-96A3-1B7E88339344}.Debug|Any CPU.Build.0 = Debug|Any CPU
		{8819AFD3-1855-49A8-96A3-1B7E88339344}.Debug|Mixed Platforms.ActiveCfg = Debug|Any CPU
		{8819AFD3-1855-49A8-96A3-1B7E88339344}.Debug|Mixed Platforms.Build.0 = Debug|Any CPU
		{8819AFD3-1855-49A8-96A3-1B7E88339344}.Release|.NET.ActiveCfg = Release|Any CPU
		{8819AFD3-1855-49A8-96A3-1B7E88339344}.Release|Any CPU.ActiveCfg = Release|Any CPU
		{8819AFD3-1855-49A8-96A3-1B7E88339344}.Release|Any CPU.Build.0 = Release|Any CPU
		{8819AFD3-1855-49A8-96A3-1B7E88339344}.Release|Mixed Platforms.ActiveCfg = Release|Any CPU
		{8819AFD3-1855-49A8-96A3-1B7E88339344}.Release|Mixed Platforms.Build.0 = Release|Any CPU
		{3BDC261C-E102-48B2-A0FB-62107C5C8D69}.Debug|.NET.ActiveCfg = Debug|Any CPU
		{3BDC261C-E102-48B2-A0FB-62107C5C8D69}.Debug|Any CPU.ActiveCfg = Debug|Any CPU
		{3BDC261C-E102-48B2-A0FB-62107C5C8D69}.Debug|Any CPU.Build.0 = Debug|Any CPU
		{3BDC261C-E102-48B2-A0FB-62107C5C8D69}.Debug|Mixed Platforms.ActiveCfg = Debug|Any CPU
		{3BDC261C-E102-48B2-A0FB-62107C5C8D69}.Debug|Mixed Platforms.Build.0 = Debug|Any CPU
		{3BDC261C-E102-48B2-A0FB-62107C5C8D69}.Release|.NET.ActiveCfg = Release|Any CPU
		{3BDC261C-E102-48B2-A0FB-62107C5C8D69}.Release|Any CPU.ActiveCfg = Release|Any CPU
		{3BDC261C-E102-48B2-A0FB-62107C5C8D69}.Release|Any CPU.Build.0 = Release|Any CPU
		{3BDC261C-E102-48B2-A0FB-62107C5C8D69}.Release|Mixed Platforms.ActiveCfg = Release|Any CPU
		{3BDC261C-E102-48B2-A0FB-62107C5C8D69}.Release|Mixed Platforms.Build.0 = Release|Any CPU
		{7D35D48B-4B39-4641-9FCF-8E987FE3DFF5}.Debug|.NET.ActiveCfg = Debug|Any CPU
		{7D35D48B-4B39-4641-9FCF-8E987FE3DFF5}.Debug|Any CPU.ActiveCfg = Debug|Any CPU
		{7D35D48B-4B39-4641-9FCF-8E987FE3DFF5}.Debug|Any CPU.Build.0 = Debug|Any CPU
		{7D35D48B-4B39-4641-9FCF-8E987FE3DFF5}.Debug|Mixed Platforms.ActiveCfg = Debug|Any CPU
		{7D35D48B-4B39-4641-9FCF-8E987FE3DFF5}.Debug|Mixed Platforms.Build.0 = Debug|Any CPU
		{7D35D48B-4B39-4641-9FCF-8E987FE3DFF5}.Release|.NET.ActiveCfg = Release|Any CPU
		{7D35D48B-4B39-4641-9FCF-8E987FE3DFF5}.Release|Any CPU.ActiveCfg = Release|Any CPU
		{7D35D48B-4B39-4641-9FCF-8E987FE3DFF5}.Release|Any CPU.Build.0 = Release|Any CPU
		{7D35D48B-4B39-4641-9FCF-8E987FE3DFF5}.Release|Mixed Platforms.ActiveCfg = Release|Any CPU
		{7D35D48B-4B39-4641-9FCF-8E987FE3DFF5}.Release|Mixed Platforms.Build.0 = Release|Any CPU
		{23A77123-CE41-4068-9E1A-778DFA941545}.Debug|.NET.ActiveCfg = Debug|Any CPU
		{23A77123-CE41-4068-9E1A-778DFA941545}.Debug|Any CPU.ActiveCfg = Debug|Any CPU
		{23A77123-CE41-4068-9E1A-778DFA941545}.Debug|Any CPU.Build.0 = Debug|Any CPU
		{23A77123-CE41-4068-9E1A-778DFA941545}.Debug|Mixed Platforms.ActiveCfg = Debug|Any CPU
		{23A77123-CE41-4068-9E1A-778DFA941545}.Debug|Mixed Platforms.Build.0 = Debug|Any CPU
		{23A77123-CE41-4068-9E1A-778DFA941545}.Release|.NET.ActiveCfg = Release|Any CPU
		{23A77123-CE41-4068-9E1A-778DFA941545}.Release|Any CPU.ActiveCfg = Release|Any CPU
		{23A77123-CE41-4068-9E1A-778DFA941545}.Release|Any CPU.Build.0 = Release|Any CPU
		{23A77123-CE41-4068-9E1A-778DFA941545}.Release|Mixed Platforms.ActiveCfg = Release|Any CPU
		{23A77123-CE41-4068-9E1A-778DFA941545}.Release|Mixed Platforms.Build.0 = Release|Any CPU
		{1D239531-83EC-4CDA-B39B-613731805922}.Debug|.NET.ActiveCfg = Debug|Any CPU
		{1D239531-83EC-4CDA-B39B-613731805922}.Debug|Any CPU.ActiveCfg = Debug|Any CPU
		{1D239531-83EC-4CDA-B39B-613731805922}.Debug|Any CPU.Build.0 = Debug|Any CPU
		{1D239531-83EC-4CDA-B39B-613731805922}.Debug|Mixed Platforms.ActiveCfg = Debug|Any CPU
		{1D239531-83EC-4CDA-B39B-613731805922}.Debug|Mixed Platforms.Build.0 = Debug|Any CPU
		{1D239531-83EC-4CDA-B39B-613731805922}.Release|.NET.ActiveCfg = Debug|Any CPU
		{1D239531-83EC-4CDA-B39B-613731805922}.Release|Any CPU.ActiveCfg = Debug|Any CPU
		{1D239531-83EC-4CDA-B39B-613731805922}.Release|Any CPU.Build.0 = Debug|Any CPU
		{1D239531-83EC-4CDA-B39B-613731805922}.Release|Mixed Platforms.ActiveCfg = Debug|Any CPU
		{1D239531-83EC-4CDA-B39B-613731805922}.Release|Mixed Platforms.Build.0 = Debug|Any CPU
		{88836156-701C-4E99-A7CB-49924EF0FF9E}.Debug|.NET.ActiveCfg = Debug|Any CPU
		{88836156-701C-4E99-A7CB-49924EF0FF9E}.Debug|Any CPU.ActiveCfg = Debug|Any CPU
		{88836156-701C-4E99-A7CB-49924EF0FF9E}.Debug|Any CPU.Build.0 = Debug|Any CPU
		{88836156-701C-4E99-A7CB-49924EF0FF9E}.Debug|Mixed Platforms.ActiveCfg = Debug|Any CPU
		{88836156-701C-4E99-A7CB-49924EF0FF9E}.Debug|Mixed Platforms.Build.0 = Debug|Any CPU
		{88836156-701C-4E99-A7CB-49924EF0FF9E}.Release|.NET.ActiveCfg = Release|Any CPU
		{88836156-701C-4E99-A7CB-49924EF0FF9E}.Release|Any CPU.ActiveCfg = Release|Any CPU
		{88836156-701C-4E99-A7CB-49924EF0FF9E}.Release|Any CPU.Build.0 = Release|Any CPU
		{88836156-701C-4E99-A7CB-49924EF0FF9E}.Release|Mixed Platforms.ActiveCfg = Release|Any CPU
		{88836156-701C-4E99-A7CB-49924EF0FF9E}.Release|Mixed Platforms.Build.0 = Release|Any CPU
		{F6AA1DC2-1E10-43FF-97AB-D6679A854D51}.Debug|.NET.ActiveCfg = Debug|Any CPU
		{F6AA1DC2-1E10-43FF-97AB-D6679A854D51}.Debug|Any CPU.ActiveCfg = Debug|Any CPU
		{F6AA1DC2-1E10-43FF-97AB-D6679A854D51}.Debug|Any CPU.Build.0 = Debug|Any CPU
		{F6AA1DC2-1E10-43FF-97AB-D6679A854D51}.Debug|Mixed Platforms.ActiveCfg = Debug|Any CPU
		{F6AA1DC2-1E10-43FF-97AB-D6679A854D51}.Debug|Mixed Platforms.Build.0 = Debug|Any CPU
		{F6AA1DC2-1E10-43FF-97AB-D6679A854D51}.Release|.NET.ActiveCfg = Release|Any CPU
		{F6AA1DC2-1E10-43FF-97AB-D6679A854D51}.Release|Any CPU.ActiveCfg = Release|Any CPU
		{F6AA1DC2-1E10-43FF-97AB-D6679A854D51}.Release|Any CPU.Build.0 = Release|Any CPU
		{F6AA1DC2-1E10-43FF-97AB-D6679A854D51}.Release|Mixed Platforms.ActiveCfg = Release|Any CPU
		{F6AA1DC2-1E10-43FF-97AB-D6679A854D51}.Release|Mixed Platforms.Build.0 = Release|Any CPU
		{5DFB85CA-D338-425A-B382-64EFBE19C65D}.Debug|.NET.ActiveCfg = Debug|Any CPU
		{5DFB85CA-D338-425A-B382-64EFBE19C65D}.Debug|Any CPU.ActiveCfg = Debug|Any CPU
		{5DFB85CA-D338-425A-B382-64EFBE19C65D}.Debug|Any CPU.Build.0 = Debug|Any CPU
		{5DFB85CA-D338-425A-B382-64EFBE19C65D}.Debug|Mixed Platforms.ActiveCfg = Debug|Any CPU
		{5DFB85CA-D338-425A-B382-64EFBE19C65D}.Debug|Mixed Platforms.Build.0 = Debug|Any CPU
		{5DFB85CA-D338-425A-B382-64EFBE19C65D}.Release|.NET.ActiveCfg = Release|Any CPU
		{5DFB85CA-D338-425A-B382-64EFBE19C65D}.Release|Any CPU.ActiveCfg = Release|Any CPU
		{5DFB85CA-D338-425A-B382-64EFBE19C65D}.Release|Any CPU.Build.0 = Release|Any CPU
		{5DFB85CA-D338-425A-B382-64EFBE19C65D}.Release|Mixed Platforms.ActiveCfg = Release|Any CPU
		{5DFB85CA-D338-425A-B382-64EFBE19C65D}.Release|Mixed Platforms.Build.0 = Release|Any CPU
		{0BBD2A6C-9955-4BB6-9DCA-6AA57715C3F2}.Debug|.NET.ActiveCfg = Debug|Any CPU
		{0BBD2A6C-9955-4BB6-9DCA-6AA57715C3F2}.Debug|Any CPU.ActiveCfg = Debug|Any CPU
		{0BBD2A6C-9955-4BB6-9DCA-6AA57715C3F2}.Debug|Any CPU.Build.0 = Debug|Any CPU
		{0BBD2A6C-9955-4BB6-9DCA-6AA57715C3F2}.Debug|Mixed Platforms.ActiveCfg = Debug|Any CPU
		{0BBD2A6C-9955-4BB6-9DCA-6AA57715C3F2}.Debug|Mixed Platforms.Build.0 = Debug|Any CPU
		{0BBD2A6C-9955-4BB6-9DCA-6AA57715C3F2}.Release|.NET.ActiveCfg = Release|Any CPU
		{0BBD2A6C-9955-4BB6-9DCA-6AA57715C3F2}.Release|Any CPU.ActiveCfg = Release|Any CPU
		{0BBD2A6C-9955-4BB6-9DCA-6AA57715C3F2}.Release|Any CPU.Build.0 = Release|Any CPU
		{0BBD2A6C-9955-4BB6-9DCA-6AA57715C3F2}.Release|Mixed Platforms.ActiveCfg = Release|Any CPU
		{0BBD2A6C-9955-4BB6-9DCA-6AA57715C3F2}.Release|Mixed Platforms.Build.0 = Release|Any CPU
		{67DB0C76-6C38-4468-A5A4-1A430DBA55CA}.Debug|.NET.ActiveCfg = Debug|Any CPU
		{67DB0C76-6C38-4468-A5A4-1A430DBA55CA}.Debug|Any CPU.ActiveCfg = Debug|Any CPU
		{67DB0C76-6C38-4468-A5A4-1A430DBA55CA}.Debug|Any CPU.Build.0 = Debug|Any CPU
		{67DB0C76-6C38-4468-A5A4-1A430DBA55CA}.Debug|Mixed Platforms.ActiveCfg = Debug|Any CPU
		{67DB0C76-6C38-4468-A5A4-1A430DBA55CA}.Debug|Mixed Platforms.Build.0 = Debug|Any CPU
		{67DB0C76-6C38-4468-A5A4-1A430DBA55CA}.Release|.NET.ActiveCfg = Release|Any CPU
		{67DB0C76-6C38-4468-A5A4-1A430DBA55CA}.Release|Any CPU.ActiveCfg = Release|Any CPU
		{67DB0C76-6C38-4468-A5A4-1A430DBA55CA}.Release|Any CPU.Build.0 = Release|Any CPU
		{67DB0C76-6C38-4468-A5A4-1A430DBA55CA}.Release|Mixed Platforms.ActiveCfg = Release|Any CPU
		{67DB0C76-6C38-4468-A5A4-1A430DBA55CA}.Release|Mixed Platforms.Build.0 = Release|Any CPU
		{E69E5BD2-4615-4291-BC0A-A3E15B66CE41}.Debug|.NET.ActiveCfg = Debug|Any CPU
		{E69E5BD2-4615-4291-BC0A-A3E15B66CE41}.Debug|Any CPU.ActiveCfg = Debug|Any CPU
		{E69E5BD2-4615-4291-BC0A-A3E15B66CE41}.Debug|Any CPU.Build.0 = Debug|Any CPU
		{E69E5BD2-4615-4291-BC0A-A3E15B66CE41}.Debug|Mixed Platforms.ActiveCfg = Debug|Any CPU
		{E69E5BD2-4615-4291-BC0A-A3E15B66CE41}.Debug|Mixed Platforms.Build.0 = Debug|Any CPU
		{E69E5BD2-4615-4291-BC0A-A3E15B66CE41}.Release|.NET.ActiveCfg = Release|Any CPU
		{E69E5BD2-4615-4291-BC0A-A3E15B66CE41}.Release|Any CPU.ActiveCfg = Release|Any CPU
		{E69E5BD2-4615-4291-BC0A-A3E15B66CE41}.Release|Any CPU.Build.0 = Release|Any CPU
		{E69E5BD2-4615-4291-BC0A-A3E15B66CE41}.Release|Mixed Platforms.ActiveCfg = Release|Any CPU
		{E69E5BD2-4615-4291-BC0A-A3E15B66CE41}.Release|Mixed Platforms.Build.0 = Release|Any CPU
		{C81C653C-6983-4401-A016-68586963DC9B}.Debug|.NET.ActiveCfg = Debug|Any CPU
		{C81C653C-6983-4401-A016-68586963DC9B}.Debug|Any CPU.ActiveCfg = Debug|Any CPU
		{C81C653C-6983-4401-A016-68586963DC9B}.Debug|Any CPU.Build.0 = Debug|Any CPU
		{C81C653C-6983-4401-A016-68586963DC9B}.Debug|Mixed Platforms.ActiveCfg = Debug|Any CPU
		{C81C653C-6983-4401-A016-68586963DC9B}.Debug|Mixed Platforms.Build.0 = Debug|Any CPU
		{C81C653C-6983-4401-A016-68586963DC9B}.Release|.NET.ActiveCfg = Release|Any CPU
		{C81C653C-6983-4401-A016-68586963DC9B}.Release|Any CPU.ActiveCfg = Release|Any CPU
		{C81C653C-6983-4401-A016-68586963DC9B}.Release|Any CPU.Build.0 = Release|Any CPU
		{C81C653C-6983-4401-A016-68586963DC9B}.Release|Mixed Platforms.ActiveCfg = Release|Any CPU
		{C81C653C-6983-4401-A016-68586963DC9B}.Release|Mixed Platforms.Build.0 = Release|Any CPU
		{7000FA38-127B-4A35-A919-F349C059AA7E}.Debug|.NET.ActiveCfg = Debug|Any CPU
		{7000FA38-127B-4A35-A919-F349C059AA7E}.Debug|Any CPU.ActiveCfg = Debug|Any CPU
		{7000FA38-127B-4A35-A919-F349C059AA7E}.Debug|Any CPU.Build.0 = Debug|Any CPU
		{7000FA38-127B-4A35-A919-F349C059AA7E}.Debug|Mixed Platforms.ActiveCfg = Debug|Any CPU
		{7000FA38-127B-4A35-A919-F349C059AA7E}.Debug|Mixed Platforms.Build.0 = Debug|Any CPU
		{7000FA38-127B-4A35-A919-F349C059AA7E}.Release|.NET.ActiveCfg = Release|Any CPU
		{7000FA38-127B-4A35-A919-F349C059AA7E}.Release|Any CPU.ActiveCfg = Release|Any CPU
		{7000FA38-127B-4A35-A919-F349C059AA7E}.Release|Any CPU.Build.0 = Release|Any CPU
		{7000FA38-127B-4A35-A919-F349C059AA7E}.Release|Mixed Platforms.ActiveCfg = Release|Any CPU
		{7000FA38-127B-4A35-A919-F349C059AA7E}.Release|Mixed Platforms.Build.0 = Release|Any CPU
		{063562DC-571F-434A-A54B-783849B3B045}.Debug|.NET.ActiveCfg = Debug|Any CPU
		{063562DC-571F-434A-A54B-783849B3B045}.Debug|Any CPU.ActiveCfg = Debug|Any CPU
		{063562DC-571F-434A-A54B-783849B3B045}.Debug|Any CPU.Build.0 = Debug|Any CPU
		{063562DC-571F-434A-A54B-783849B3B045}.Debug|Mixed Platforms.ActiveCfg = Debug|Any CPU
		{063562DC-571F-434A-A54B-783849B3B045}.Debug|Mixed Platforms.Build.0 = Debug|Any CPU
		{063562DC-571F-434A-A54B-783849B3B045}.Release|.NET.ActiveCfg = Release|Any CPU
		{063562DC-571F-434A-A54B-783849B3B045}.Release|Any CPU.ActiveCfg = Release|Any CPU
		{063562DC-571F-434A-A54B-783849B3B045}.Release|Any CPU.Build.0 = Release|Any CPU
		{063562DC-571F-434A-A54B-783849B3B045}.Release|Mixed Platforms.ActiveCfg = Release|Any CPU
		{063562DC-571F-434A-A54B-783849B3B045}.Release|Mixed Platforms.Build.0 = Release|Any CPU
		{FBB72693-0267-4DB0-98D5-9ECBC13E98DD}.Debug|.NET.ActiveCfg = Debug|Any CPU
		{FBB72693-0267-4DB0-98D5-9ECBC13E98DD}.Debug|Any CPU.ActiveCfg = Debug|Any CPU
		{FBB72693-0267-4DB0-98D5-9ECBC13E98DD}.Debug|Any CPU.Build.0 = Debug|Any CPU
		{FBB72693-0267-4DB0-98D5-9ECBC13E98DD}.Debug|Mixed Platforms.ActiveCfg = Debug|Any CPU
		{FBB72693-0267-4DB0-98D5-9ECBC13E98DD}.Debug|Mixed Platforms.Build.0 = Debug|Any CPU
		{FBB72693-0267-4DB0-98D5-9ECBC13E98DD}.Release|.NET.ActiveCfg = Release|Any CPU
		{FBB72693-0267-4DB0-98D5-9ECBC13E98DD}.Release|Any CPU.ActiveCfg = Release|Any CPU
		{FBB72693-0267-4DB0-98D5-9ECBC13E98DD}.Release|Any CPU.Build.0 = Release|Any CPU
		{FBB72693-0267-4DB0-98D5-9ECBC13E98DD}.Release|Mixed Platforms.ActiveCfg = Release|Any CPU
		{FBB72693-0267-4DB0-98D5-9ECBC13E98DD}.Release|Mixed Platforms.Build.0 = Release|Any CPU
		{F1AEF331-A19A-4845-B0E4-EB6AC70378D5}.Debug|.NET.ActiveCfg = Debug|Any CPU
		{F1AEF331-A19A-4845-B0E4-EB6AC70378D5}.Debug|Any CPU.ActiveCfg = Debug|Any CPU
		{F1AEF331-A19A-4845-B0E4-EB6AC70378D5}.Debug|Any CPU.Build.0 = Debug|Any CPU
		{F1AEF331-A19A-4845-B0E4-EB6AC70378D5}.Debug|Mixed Platforms.ActiveCfg = Debug|Any CPU
		{F1AEF331-A19A-4845-B0E4-EB6AC70378D5}.Debug|Mixed Platforms.Build.0 = Debug|Any CPU
		{F1AEF331-A19A-4845-B0E4-EB6AC70378D5}.Release|.NET.ActiveCfg = Release|Any CPU
		{F1AEF331-A19A-4845-B0E4-EB6AC70378D5}.Release|Any CPU.ActiveCfg = Release|Any CPU
		{F1AEF331-A19A-4845-B0E4-EB6AC70378D5}.Release|Any CPU.Build.0 = Release|Any CPU
		{F1AEF331-A19A-4845-B0E4-EB6AC70378D5}.Release|Mixed Platforms.ActiveCfg = Release|Any CPU
		{F1AEF331-A19A-4845-B0E4-EB6AC70378D5}.Release|Mixed Platforms.Build.0 = Release|Any CPU
	EndGlobalSection
	GlobalSection(SolutionProperties) = preSolution
		HideSolutionNode = FALSE
	EndGlobalSection
EndGlobal
