
Microsoft Visual Studio Solution File, Format Version 12.00
# Visual Studio 15
VisualStudioVersion = 15.0.28010.2041
MinimumVisualStudioVersion = 10.0.40219.1
Project("{FAE04EC0-301F-11D3-BF4B-00C04F79EFBC}") = "Server", "Server\Server.csproj", "{A6A8969A-0942-454D-81D9-6E4601119B19}"
EndProject
Global
	GlobalSection(SolutionConfigurationPlatforms) = preSolution
		Debug|Any CPU = Debug|Any CPU
		Release|Any CPU = Release|Any CPU
	EndGlobalSection
	GlobalSection(ProjectConfigurationPlatforms) = postSolution
		{A6A8969A-0942-454D-81D9-6E4601119B19}.Debug|Any CPU.ActiveCfg = Debug|Any CPU
		{A6A8969A-0942-454D-81D9-6E4601119B19}.Debug|Any CPU.Build.0 = Debug|Any CPU
		{A6A8969A-0942-454D-81D9-6E4601119B19}.Release|Any CPU.ActiveCfg = Release|Any CPU
		{A6A8969A-0942-454D-81D9-6E4601119B19}.Release|Any CPU.Build.0 = Release|Any CPU
	EndGlobalSection
	GlobalSection(SolutionProperties) = preSolution
		HideSolutionNode = FALSE
	EndGlobalSection
	GlobalSection(ExtensibilityGlobals) = postSolution
		SolutionGuid = {DE77D332-83EB-4716-B9C0-CC4FB214AB8E}
	EndGlobalSection
EndGlobal
